// !$*UTF8*$!
{
	archiveVersion = 1;
	classes = {
	};
	objectVersion = 55;
	objects = {

/* Begin PBXBuildFile section */
		12680699286FB7D700EAAEBF /* NenpiApp.swift in Sources */ = {isa = PBXBuildFile; fileRef = 12680698286FB7D700EAAEBF /* NenpiApp.swift */; };
		1268069B286FB7D700EAAEBF /* ContentView.swift in Sources */ = {isa = PBXBuildFile; fileRef = 1268069A286FB7D700EAAEBF /* ContentView.swift */; };
		1268069D286FB7DC00EAAEBF /* Assets.xcassets in Resources */ = {isa = PBXBuildFile; fileRef = 1268069C286FB7DC00EAAEBF /* Assets.xcassets */; };
		126806A0286FB7DC00EAAEBF /* Preview Assets.xcassets in Resources */ = {isa = PBXBuildFile; fileRef = 1268069F286FB7DC00EAAEBF /* Preview Assets.xcassets */; };
		126806A7286FDC5600EAAEBF /* CalcNenpiView.swift in Sources */ = {isa = PBXBuildFile; fileRef = 126806A6286FDC5600EAAEBF /* CalcNenpiView.swift */; };
		126806AB2870646500EAAEBF /* CalcPriceView.swift in Sources */ = {isa = PBXBuildFile; fileRef = 126806AA2870646500EAAEBF /* CalcPriceView.swift */; };
/* End PBXBuildFile section */

/* Begin PBXFileReference section */
		12680695286FB7D700EAAEBF /* Nenpi.app */ = {isa = PBXFileReference; explicitFileType = wrapper.application; includeInIndex = 0; path = Nenpi.app; sourceTree = BUILT_PRODUCTS_DIR; };
		12680698286FB7D700EAAEBF /* NenpiApp.swift */ = {isa = PBXFileReference; lastKnownFileType = sourcecode.swift; path = NenpiApp.swift; sourceTree = "<group>"; };
		1268069A286FB7D700EAAEBF /* ContentView.swift */ = {isa = PBXFileReference; lastKnownFileType = sourcecode.swift; path = ContentView.swift; sourceTree = "<group>"; };
		1268069C286FB7DC00EAAEBF /* Assets.xcassets */ = {isa = PBXFileReference; lastKnownFileType = folder.assetcatalog; path = Assets.xcassets; sourceTree = "<group>"; };
		1268069F286FB7DC00EAAEBF /* Preview Assets.xcassets */ = {isa = PBXFileReference; lastKnownFileType = folder.assetcatalog; path = "Preview Assets.xcassets"; sourceTree = "<group>"; };
		126806A6286FDC5600EAAEBF /* CalcNenpiView.swift */ = {isa = PBXFileReference; lastKnownFileType = sourcecode.swift; path = CalcNenpiView.swift; sourceTree = "<group>"; };
		126806AA2870646500EAAEBF /* CalcPriceView.swift */ = {isa = PBXFileReference; lastKnownFileType = sourcecode.swift; path = CalcPriceView.swift; sourceTree = "<group>"; };
/* End PBXFileReference section */

/* Begin PBXFrameworksBuildPhase section */
		12680692286FB7D700EAAEBF /* Frameworks */ = {
			isa = PBXFrameworksBuildPhase;
			buildActionMask = 2147483647;
			files = (
			);
			runOnlyForDeploymentPostprocessing = 0;
		};
/* End PBXFrameworksBuildPhase section */

/* Begin PBXGroup section */
		1268068C286FB7D700EAAEBF = {
			isa = PBXGroup;
			children = (
				12680697286FB7D700EAAEBF /* Nenpi */,
				12680696286FB7D700EAAEBF /* Products */,
			);
			sourceTree = "<group>";
		};
		12680696286FB7D700EAAEBF /* Products */ = {
			isa = PBXGroup;
			children = (
				12680695286FB7D700EAAEBF /* Nenpi.app */,
			);
			name = Products;
			sourceTree = "<group>";
		};
		12680697286FB7D700EAAEBF /* Nenpi */ = {
			isa = PBXGroup;
			children = (
				12680698286FB7D700EAAEBF /* NenpiApp.swift */,
				1268069A286FB7D700EAAEBF /* ContentView.swift */,
				126806AA2870646500EAAEBF /* CalcPriceView.swift */,
				126806A6286FDC5600EAAEBF /* CalcNenpiView.swift */,
				1268069C286FB7DC00EAAEBF /* Assets.xcassets */,
				1268069E286FB7DC00EAAEBF /* Preview Content */,
			);
			path = Nenpi;
			sourceTree = "<group>";
		};
		1268069E286FB7DC00EAAEBF /* Preview Content */ = {
			isa = PBXGroup;
			children = (
				1268069F286FB7DC00EAAEBF /* Preview Assets.xcassets */,
			);
			path = "Preview Content";
			sourceTree = "<group>";
		};
/* End PBXGroup section */

/* Begin PBXNativeTarget section */
		12680694286FB7D700EAAEBF /* Nenpi */ = {
			isa = PBXNativeTarget;
			buildConfigurationList = 126806A3286FB7DC00EAAEBF /* Build configuration list for PBXNativeTarget "Nenpi" */;
			buildPhases = (
				12680691286FB7D700EAAEBF /* Sources */,
				12680692286FB7D700EAAEBF /* Frameworks */,
				12680693286FB7D700EAAEBF /* Resources */,
			);
			buildRules = (
			);
			dependencies = (
			);
			name = Nenpi;
			productName = Nenpi;
			productReference = 12680695286FB7D700EAAEBF /* Nenpi.app */;
			productType = "com.apple.product-type.application";
		};
/* End PBXNativeTarget section */

/* Begin PBXProject section */
		1268068D286FB7D700EAAEBF /* Project object */ = {
			isa = PBXProject;
			attributes = {
				BuildIndependentTargetsInParallel = 1;
				LastSwiftUpdateCheck = 1330;
				LastUpgradeCheck = 1330;
				TargetAttributes = {
					12680694286FB7D700EAAEBF = {
						CreatedOnToolsVersion = 13.3;
					};
				};
			};
			buildConfigurationList = 12680690286FB7D700EAAEBF /* Build configuration list for PBXProject "Nenpi" */;
			compatibilityVersion = "Xcode 13.0";
			developmentRegion = en;
			hasScannedForEncodings = 0;
			knownRegions = (
				en,
				Base,
			);
			mainGroup = 1268068C286FB7D700EAAEBF;
			productRefGroup = 12680696286FB7D700EAAEBF /* Products */;
			projectDirPath = "";
			projectRoot = "";
			targets = (
				12680694286FB7D700EAAEBF /* Nenpi */,
			);
		};
/* End PBXProject section */

/* Begin PBXResourcesBuildPhase section */
		12680693286FB7D700EAAEBF /* Resources */ = {
			isa = PBXResourcesBuildPhase;
			buildActionMask = 2147483647;
			files = (
				126806A0286FB7DC00EAAEBF /* Preview Assets.xcassets in Resources */,
				1268069D286FB7DC00EAAEBF /* Assets.xcassets in Resources */,
			);
			runOnlyForDeploymentPostprocessing = 0;
		};
/* End PBXResourcesBuildPhase section */

/* Begin PBXSourcesBuildPhase section */
		12680691286FB7D700EAAEBF /* Sources */ = {
			isa = PBXSourcesBuildPhase;
			buildActionMask = 2147483647;
			files = (
				1268069B286FB7D700EAAEBF /* ContentView.swift in Sources */,
				126806A7286FDC5600EAAEBF /* CalcNenpiView.swift in Sources */,
				12680699286FB7D700EAAEBF /* NenpiApp.swift in Sources */,
				126806AB2870646500EAAEBF /* CalcPriceView.swift in Sources */,
			);
			runOnlyForDeploymentPostprocessing = 0;
		};
/* End PBXSourcesBuildPhase section */

/* Begin XCBuildConfiguration section */
		126806A1286FB7DC00EAAEBF /* Debug */ = {
			isa = XCBuildConfiguration;
			buildSettings = {
				ALWAYS_SEARCH_USER_PATHS = NO;
				CLANG_ANALYZER_NONNULL = YES;
				CLANG_ANALYZER_NUMBER_OBJECT_CONVERSION = YES_AGGRESSIVE;
				CLANG_CXX_LANGUAGE_STANDARD = "gnu++17";
				CLANG_ENABLE_MODULES = YES;
				CLANG_ENABLE_OBJC_ARC = YES;
				CLANG_ENABLE_OBJC_WEAK = YES;
				CLANG_WARN_BLOCK_CAPTURE_AUTORELEASING = YES;
				CLANG_WARN_BOOL_CONVERSION = YES;
				CLANG_WARN_COMMA = YES;
				CLANG_WARN_CONSTANT_CONVERSION = YES;
				CLANG_WARN_DEPRECATED_OBJC_IMPLEMENTATIONS = YES;
				CLANG_WARN_DIRECT_OBJC_ISA_USAGE = YES_ERROR;
				CLANG_WARN_DOCUMENTATION_COMMENTS = YES;
				CLANG_WARN_EMPTY_BODY = YES;
				CLANG_WARN_ENUM_CONVERSION = YES;
				CLANG_WARN_INFINITE_RECURSION = YES;
				CLANG_WARN_INT_CONVERSION = YES;
				CLANG_WARN_NON_LITERAL_NULL_CONVERSION = YES;
				CLANG_WARN_OBJC_IMPLICIT_RETAIN_SELF = YES;
				CLANG_WARN_OBJC_LITERAL_CONVERSION = YES;
				CLANG_WARN_OBJC_ROOT_CLASS = YES_ERROR;
				CLANG_WARN_QUOTED_INCLUDE_IN_FRAMEWORK_HEADER = YES;
				CLANG_WARN_RANGE_LOOP_ANALYSIS = YES;
				CLANG_WARN_STRICT_PROTOTYPES = YES;
				CLANG_WARN_SUSPICIOUS_MOVE = YES;
				CLANG_WARN_UNGUARDED_AVAILABILITY = YES_AGGRESSIVE;
				CLANG_WARN_UNREACHABLE_CODE = YES;
				CLANG_WARN__DUPLICATE_METHOD_MATCH = YES;
				COPY_PHASE_STRIP = NO;
				DEBUG_INFORMATION_FORMAT = dwarf;
				ENABLE_STRICT_OBJC_MSGSEND = YES;
				ENABLE_TESTABILITY = YES;
				GCC_C_LANGUAGE_STANDARD = gnu11;
				GCC_DYNAMIC_NO_PIC = NO;
				GCC_NO_COMMON_BLOCKS = YES;
				GCC_OPTIMIZATION_LEVEL = 0;
				GCC_PREPROCESSOR_DEFINITIONS = (
					"DEBUG=1",
					"$(inherited)",
				);
				GCC_WARN_64_TO_32_BIT_CONVERSION = YES;
				GCC_WARN_ABOUT_RETURN_TYPE = YES_ERROR;
				GCC_WARN_UNDECLARED_SELECTOR = YES;
				GCC_WARN_UNINITIALIZED_AUTOS = YES_AGGRESSIVE;
				GCC_WARN_UNUSED_FUNCTION = YES;
				GCC_WARN_UNUSED_VARIABLE = YES;
				IPHONEOS_DEPLOYMENT_TARGET = 15.4;
				MTL_ENABLE_DEBUG_INFO = INCLUDE_SOURCE;
				MTL_FAST_MATH = YES;
				ONLY_ACTIVE_ARCH = YES;
				SDKROOT = iphoneos;
				SWIFT_ACTIVE_COMPILATION_CONDITIONS = DEBUG;
				SWIFT_OPTIMIZATION_LEVEL = "-Onone";
			};
			name = Debug;
		};
		126806A2286FB7DC00EAAEBF /* Release */ = {
			isa = XCBuildConfiguration;
			buildSettings = {
				ALWAYS_SEARCH_USER_PATHS = NO;
				CLANG_ANALYZER_NONNULL = YES;
				CLANG_ANALYZER_NUMBER_OBJECT_CONVERSION = YES_AGGRESSIVE;
				CLANG_CXX_LANGUAGE_STANDARD = "gnu++17";
				CLANG_ENABLE_MODULES = YES;
				CLANG_ENABLE_OBJC_ARC = YES;
				CLANG_ENABLE_OBJC_WEAK = YES;
				CLANG_WARN_BLOCK_CAPTURE_AUTORELEASING = YES;
				CLANG_WARN_BOOL_CONVERSION = YES;
				CLANG_WARN_COMMA = YES;
				CLANG_WARN_CONSTANT_CONVERSION = YES;
				CLANG_WARN_DEPRECATED_OBJC_IMPLEMENTATIONS = YES;
				CLANG_WARN_DIRECT_OBJC_ISA_USAGE = YES_ERROR;
				CLANG_WARN_DOCUMENTATION_COMMENTS = YES;
				CLANG_WARN_EMPTY_BODY = YES;
				CLANG_WARN_ENUM_CONVERSION = YES;
				CLANG_WARN_INFINITE_RECURSION = YES;
				CLANG_WARN_INT_CONVERSION = YES;
				CLANG_WARN_NON_LITERAL_NULL_CONVERSION = YES;
				CLANG_WARN_OBJC_IMPLICIT_RETAIN_SELF = YES;
				CLANG_WARN_OBJC_LITERAL_CONVERSION = YES;
				CLANG_WARN_OBJC_ROOT_CLASS = YES_ERROR;
				CLANG_WARN_QUOTED_INCLUDE_IN_FRAMEWORK_HEADER = YES;
				CLANG_WARN_RANGE_LOOP_ANALYSIS = YES;
				CLANG_WARN_STRICT_PROTOTYPES = YES;
				CLANG_WARN_SUSPICIOUS_MOVE = YES;
				CLANG_WARN_UNGUARDED_AVAILABILITY = YES_AGGRESSIVE;
				CLANG_WARN_UNREACHABLE_CODE = YES;
				CLANG_WARN__DUPLICATE_METHOD_MATCH = YES;
				COPY_PHASE_STRIP = NO;
				DEBUG_INFORMATION_FORMAT = "dwarf-with-dsym";
				ENABLE_NS_ASSERTIONS = NO;
				ENABLE_STRICT_OBJC_MSGSEND = YES;
				GCC_C_LANGUAGE_STANDARD = gnu11;
				GCC_NO_COMMON_BLOCKS = YES;
				GCC_WARN_64_TO_32_BIT_CONVERSION = YES;
				GCC_WARN_ABOUT_RETURN_TYPE = YES_ERROR;
				GCC_WARN_UNDECLARED_SELECTOR = YES;
				GCC_WARN_UNINITIALIZED_AUTOS = YES_AGGRESSIVE;
				GCC_WARN_UNUSED_FUNCTION = YES;
				GCC_WARN_UNUSED_VARIABLE = YES;
				IPHONEOS_DEPLOYMENT_TARGET = 15.4;
				MTL_ENABLE_DEBUG_INFO = NO;
				MTL_FAST_MATH = YES;
				SDKROOT = iphoneos;
				SWIFT_COMPILATION_MODE = wholemodule;
				SWIFT_OPTIMIZATION_LEVEL = "-O";
				VALIDATE_PRODUCT = YES;
			};
			name = Release;
		};
		126806A4286FB7DC00EAAEBF /* Debug */ = {
			isa = XCBuildConfiguration;
			buildSettings = {
				ASSETCATALOG_COMPILER_APPICON_NAME = AppIcon;
				ASSETCATALOG_COMPILER_GLOBAL_ACCENT_COLOR_NAME = AccentColor;
				CODE_SIGN_STYLE = Automatic;
				CURRENT_PROJECT_VERSION = 1;
				DEVELOPMENT_ASSET_PATHS = "\"Nenpi/Preview Content\"";
				DEVELOPMENT_TEAM = CGD79LB65H;
				ENABLE_PREVIEWS = YES;
				GENERATE_INFOPLIST_FILE = YES;
				INFOPLIST_KEY_UIApplicationSceneManifest_Generation = YES;
				INFOPLIST_KEY_UIApplicationSupportsIndirectInputEvents = YES;
				INFOPLIST_KEY_UILaunchScreen_Generation = YES;
				INFOPLIST_KEY_UISupportedInterfaceOrientations_iPad = "UIInterfaceOrientationPortrait UIInterfaceOrientationPortraitUpsideDown UIInterfaceOrientationLandscapeLeft UIInterfaceOrientationLandscapeRight";
				INFOPLIST_KEY_UISupportedInterfaceOrientations_iPhone = "UIInterfaceOrientationPortrait UIInterfaceOrientationLandscapeLeft UIInterfaceOrientationLandscapeRight";
				LD_RUNPATH_SEARCH_PATHS = (
					"$(inherited)",
					"@executable_path/Frameworks",
				);
				MARKETING_VERSION = 1.0;
				PRODUCT_BUNDLE_IDENTIFIER = com.ame.dev.Nenpi;
				PRODUCT_NAME = "$(TARGET_NAME)";
				SWIFT_EMIT_LOC_STRINGS = YES;
				SWIFT_VERSION = 5.0;
				TARGETED_DEVICE_FAMILY = "1,2";
			};
			name = Debug;
		};
		126806A5286FB7DC00EAAEBF /* Release */ = {
			isa = XCBuildConfiguration;
			buildSettings = {
				ASSETCATALOG_COMPILER_APPICON_NAME = AppIcon;
				ASSETCATALOG_COMPILER_GLOBAL_ACCENT_COLOR_NAME = AccentColor;
				CODE_SIGN_STYLE = Automatic;
				CURRENT_PROJECT_VERSION = 1;
				DEVELOPMENT_ASSET_PATHS = "\"Nenpi/Preview Content\"";
				DEVELOPMENT_TEAM = CGD79LB65H;
				ENABLE_PREVIEWS = YES;
				GENERATE_INFOPLIST_FILE = YES;
				INFOPLIST_KEY_UIApplicationSceneManifest_Generation = YES;
				INFOPLIST_KEY_UIApplicationSupportsIndirectInputEvents = YES;
				INFOPLIST_KEY_UILaunchScreen_Generation = YES;
				INFOPLIST_KEY_UISupportedInterfaceOrientations_iPad = "UIInterfaceOrientationPortrait UIInterfaceOrientationPortraitUpsideDown UIInterfaceOrientationLandscapeLeft UIInterfaceOrientationLandscapeRight";
				INFOPLIST_KEY_UISupportedInterfaceOrientations_iPhone = "UIInterfaceOrientationPortrait UIInterfaceOrientationLandscapeLeft UIInterfaceOrientationLandscapeRight";
				LD_RUNPATH_SEARCH_PATHS = (
					"$(inherited)",
					"@executable_path/Frameworks",
				);
				MARKETING_VERSION = 1.0;
				PRODUCT_BUNDLE_IDENTIFIER = com.ame.dev.Nenpi;
				PRODUCT_NAME = "$(TARGET_NAME)";
				SWIFT_EMIT_LOC_STRINGS = YES;
				SWIFT_VERSION = 5.0;
				TARGETED_DEVICE_FAMILY = "1,2";
			};
			name = Release;
		};
/* End XCBuildConfiguration section */

/* Begin XCConfigurationList section */
		12680690286FB7D700EAAEBF /* Build configuration list for PBXProject "Nenpi" */ = {
			isa = XCConfigurationList;
			buildConfigurations = (
				126806A1286FB7DC00EAAEBF /* Debug */,
				126806A2286FB7DC00EAAEBF /* Release */,
			);
			defaultConfigurationIsVisible = 0;
			defaultConfigurationName = Release;
		};
		126806A3286FB7DC00EAAEBF /* Build configuration list for PBXNativeTarget "Nenpi" */ = {
			isa = XCConfigurationList;
			buildConfigurations = (
				126806A4286FB7DC00EAAEBF /* Debug */,
				126806A5286FB7DC00EAAEBF /* Release */,
			);
			defaultConfigurationIsVisible = 0;
			defaultConfigurationName = Release;
		};
/* End XCConfigurationList section */
	};
	rootObject = 1268068D286FB7D700EAAEBF /* Project object */;
}
